
Microsoft Visual Studio Solution File, Format Version 12.00
# Visual Studio Version 16
VisualStudioVersion = 16.0.29503.13
MinimumVisualStudioVersion = 10.0.40219.1
Project("{FAE04EC0-301F-11D3-BF4B-00C04F79EFBC}") = "Ex1", "Ex1.csproj", "{49EF03F4-AEB8-4D30-8908-8AB494F272CC}"
EndProject
Global
	GlobalSection(SolutionConfigurationPlatforms) = preSolution
		Debug|Any CPU = Debug|Any CPU
		Release|Any CPU = Release|Any CPU
	EndGlobalSection
	GlobalSection(ProjectConfigurationPlatforms) = postSolution
		{49EF03F4-AEB8-4D30-8908-8AB494F272CC}.Debug|Any CPU.ActiveCfg = Debug|Any CPU
		{49EF03F4-AEB8-4D30-8908-8AB494F272CC}.Debug|Any CPU.Build.0 = Debug|Any CPU
		{49EF03F4-AEB8-4D30-8908-8AB494F272CC}.Release|Any CPU.ActiveCfg = Release|Any CPU
		{49EF03F4-AEB8-4D30-8908-8AB494F272CC}.Release|Any CPU.Build.0 = Release|Any CPU
	EndGlobalSection
	GlobalSection(SolutionProperties) = preSolution
		HideSolutionNode = FALSE
	EndGlobalSection
	GlobalSection(ExtensibilityGlobals) = postSolution
		SolutionGuid = {8F9E85D7-48FF-4603-92EA-FAB2D39C09AB}
	EndGlobalSection
EndGlobal
